
Microsoft Visual Studio Solution File, Format Version 12.00
# Visual Studio Version 17
VisualStudioVersion = 17.5.33502.453
MinimumVisualStudioVersion = 10.0.40219.1
Project("{FAE04EC0-301F-11D3-BF4B-00C04F79EFBC}") = "restInterfaceWebAPI", "restInterfaceWebAPI\restInterfaceWebAPI.csproj", "{B2D80B65-EFB3-47C4-9C21-75B3DAD8E268}"
EndProject
Global
	GlobalSection(SolutionConfigurationPlatforms) = preSolution
		Debug|Any CPU = Debug|Any CPU
		Release|Any CPU = Release|Any CPU
	EndGlobalSection
	GlobalSection(ProjectConfigurationPlatforms) = postSolution
		{B2D80B65-EFB3-47C4-9C21-75B3DAD8E268}.Debug|Any CPU.ActiveCfg = Debug|Any CPU
		{B2D80B65-EFB3-47C4-9C21-75B3DAD8E268}.Debug|Any CPU.Build.0 = Debug|Any CPU
		{B2D80B65-EFB3-47C4-9C21-75B3DAD8E268}.Release|Any CPU.ActiveCfg = Release|Any CPU
		{B2D80B65-EFB3-47C4-9C21-75B3DAD8E268}.Release|Any CPU.Build.0 = Release|Any CPU
	EndGlobalSection
	GlobalSection(SolutionProperties) = preSolution
		HideSolutionNode = FALSE
	EndGlobalSection
	GlobalSection(ExtensibilityGlobals) = postSolution
		SolutionGuid = {EE0AE56F-2666-4DB6-8CBD-79F0170FBDCE}
	EndGlobalSection
EndGlobal
